dependencies:
  atom-languageclient: 0.9.9
lockfileVersion: 5.1
packages:
  /atom-languageclient/0.9.9:
    dependencies:
      fuzzaldrin-plus: 0.6.0
      vscode-jsonrpc: 4.0.0
      vscode-languageserver-protocol: 3.12.0
      vscode-languageserver-types: 3.12.0
    dev: false
    resolution:
      integrity: sha512-eAKLFhprcDksPtDtG2lrhQEosNMxEbS7MISpw7n6TIoPmTgolvo+GPAF+nSV+Z9MCss91i+M+TNk9Mj5C7y/CQ==
  /fuzzaldrin-plus/0.6.0:
    dev: false
    resolution:
      integrity: sha1-gy9kifvodnaUWVmckUpnDsIpR+4=
  /vscode-jsonrpc/3.6.2:
    dev: false
    engines:
      node: '>=4.0.0 || >=6.0.0'
    resolution:
      integrity: sha512-T24Jb5V48e4VgYliUXMnZ379ItbrXgOimweKaJshD84z+8q7ZOZjJan0MeDe+Ugb+uqERDVV8SBmemaGMSMugA==
  /vscode-jsonrpc/4.0.0:
    dev: false
    engines:
      node: '>=8.0.0 || >=10.0.0'
    resolution:
      integrity: sha512-perEnXQdQOJMTDFNv+UF3h1Y0z4iSiaN9jIlb0OqIYgosPCZGYh/MCUlkFtV2668PL69lRDO32hmvL2yiidUYg==
  /vscode-languageserver-protocol/3.12.0:
    dependencies:
      vscode-jsonrpc: 3.6.2
      vscode-languageserver-types: 3.12.0
    dev: false
    resolution:
      integrity: sha512-evY6hmyzLnwQrqlQWPrNBq1z8wrSNjLesmgPzeS6Zv11mVS5UJRel26hbM/DH5tHdn45huNzRW0eFHRmIm8LpA==
  /vscode-languageserver-types/3.12.0:
    dev: false
    resolution:
      integrity: sha512-UxqnpzBToPO7Mi2tr/s5JeyPOSKSJtLB8lIdxCg9ZNdvP2cU8wS7iTDtwQKz91Ne4CUmTdf85ddR5SIZKXmMjQ==
specifiers:
  atom-languageclient: ^0.9.9
